
Microsoft Visual Studio Solution File, Format Version 12.00
# Visual Studio Version 16
VisualStudioVersion = 25.0.1700.3
MinimumVisualStudioVersion = 10.0.40219.1
Project("{FAE04EC0-301F-11D3-BF4B-00C04F79EFBC}") = "hcad.org-scraper", "hcad.org-scraper.csproj", "{A5A3B5FA-A604-4D89-8C6F-94683B05CEFB}"
EndProject
Global
	GlobalSection(SolutionConfigurationPlatforms) = preSolution
		Debug|Any CPU = Debug|Any CPU
		Release|Any CPU = Release|Any CPU
	EndGlobalSection
	GlobalSection(ProjectConfigurationPlatforms) = postSolution
		{A5A3B5FA-A604-4D89-8C6F-94683B05CEFB}.Debug|Any CPU.ActiveCfg = Debug|Any CPU
		{A5A3B5FA-A604-4D89-8C6F-94683B05CEFB}.Debug|Any CPU.Build.0 = Debug|Any CPU
		{A5A3B5FA-A604-4D89-8C6F-94683B05CEFB}.Release|Any CPU.ActiveCfg = Release|Any CPU
		{A5A3B5FA-A604-4D89-8C6F-94683B05CEFB}.Release|Any CPU.Build.0 = Release|Any CPU
	EndGlobalSection
	GlobalSection(SolutionProperties) = preSolution
		HideSolutionNode = FALSE
	EndGlobalSection
	GlobalSection(ExtensibilityGlobals) = postSolution
		SolutionGuid = {4E7DC306-DC79-4516-A945-16F7A95F259B}
	EndGlobalSection
EndGlobal
